# THIS IS AN AUTOGENERATED FILE. DO NOT EDIT THIS FILE DIRECTLY.
# yarn lockfile v1


fp-ts@^2.10.5:
  version "2.10.5"
  resolved "https://registry.yarnpkg.com/fp-ts/-/fp-ts-2.10.5.tgz#7c77868fe8bd9b229743303c1bec505b959f631b"
  integrity sha512-X2KfTIV0cxIk3d7/2Pvp/pxL/xr2MV1WooyEzKtTWYSc1+52VF4YzjBTXqeOlSiZsPCxIBpDGfT9Dyo7WEY0DQ==

io-ts-reporters@^1.2.2:
  version "1.2.2"
  resolved "https://registry.yarnpkg.com/io-ts-reporters/-/io-ts-reporters-1.2.2.tgz#4d3219777ea5219c7d8f6ffac01fd68e72426dd1"
  integrity sha512-igASwWWkDY757OutNcM6zTtdJf/eTZYkoe2ymsX2qpm5bKZLo74FJYjsCtMQOEdY7dRHLLEulCyFQwdN69GBCg==

io-ts@^2.2.16:
  version "2.2.16"
  resolved "https://registry.yarnpkg.com/io-ts/-/io-ts-2.2.16.tgz#597dffa03db1913fc318c9c6df6931cb4ed808b2"
  integrity sha512-y5TTSa6VP6le0hhmIyN0dqEXkrZeJLeC5KApJq6VLci3UEKF80lZ+KuoUs02RhBxNWlrqSNxzfI7otLX1Euv8Q==

typescript@^4.3.5:
  version "4.3.5"
  resolved "https://registry.yarnpkg.com/typescript/-/typescript-4.3.5.tgz#4d1c37cc16e893973c45a06886b7113234f119f4"
  integrity sha512-DqQgihaQ9cUrskJo9kIyW/+g0Vxsk8cDtZ52a3NGh0YNTfpUSArXSohyUGnvbPazEPLu398C0UxmKSOrPumUzA==
